
Microsoft Visual Studio Solution File, Format Version 12.00
# Visual Studio Version 16
VisualStudioVersion = 16.0.31205.134
MinimumVisualStudioVersion = 10.0.40219.1
Project("{FAE04EC0-301F-11D3-BF4B-00C04F79EFBC}") = "Databases 2 Project2 Grocery store", "Databases 2 Project2 Grocery store.csproj", "{58FA3DFC-AEB1-4CBD-BE36-40F3551CB123}"
EndProject
Global
	GlobalSection(SolutionConfigurationPlatforms) = preSolution
		Debug|Any CPU = Debug|Any CPU
		Release|Any CPU = Release|Any CPU
	EndGlobalSection
	GlobalSection(ProjectConfigurationPlatforms) = postSolution
		{58FA3DFC-AEB1-4CBD-BE36-40F3551CB123}.Debug|Any CPU.ActiveCfg = Debug|Any CPU
		{58FA3DFC-AEB1-4CBD-BE36-40F3551CB123}.Debug|Any CPU.Build.0 = Debug|Any CPU
		{58FA3DFC-AEB1-4CBD-BE36-40F3551CB123}.Release|Any CPU.ActiveCfg = Release|Any CPU
		{58FA3DFC-AEB1-4CBD-BE36-40F3551CB123}.Release|Any CPU.Build.0 = Release|Any CPU
	EndGlobalSection
	GlobalSection(SolutionProperties) = preSolution
		HideSolutionNode = FALSE
	EndGlobalSection
	GlobalSection(ExtensibilityGlobals) = postSolution
		SolutionGuid = {B846833C-BA55-4D10-B41E-123CC8E1A1D8}
	EndGlobalSection
EndGlobal
